
Microsoft Visual Studio Solution File, Format Version 12.00
# Visual Studio 14
VisualStudioVersion = 14.0.25420.1
MinimumVisualStudioVersion = 10.0.40219.1
Project("{00D1A9C2-B5F0-4AF3-8072-F6C62B433612}") = "ProjectDatabase", "ProjectDatabase\ProjectDatabase.sqlproj", "{58483CEC-4539-4E09-9EB7-6121FCF20B91}"
EndProject
Project("{FAE04EC0-301F-11D3-BF4B-00C04F79EFBC}") = "ProjectWebAPI", "ProjectWebAPI\ProjectWebAPI.csproj", "{CA9FE82C-9125-4616-91F3-2FC559243D99}"
EndProject
Project("{8BB2217D-0F2D-49D1-97BC-3654ED321F3B}") = "ProjectNetCore", "ProjectNetCore\ProjectNetCore.xproj", "{D4698B1A-D595-469F-8F00-D33DA4BF563E}"
EndProject
Global
	GlobalSection(SolutionConfigurationPlatforms) = preSolution
		Debug|Any CPU = Debug|Any CPU
		Release|Any CPU = Release|Any CPU
	EndGlobalSection
	GlobalSection(ProjectConfigurationPlatforms) = postSolution
		{58483CEC-4539-4E09-9EB7-6121FCF20B91}.Debug|Any CPU.ActiveCfg = Debug|Any CPU
		{58483CEC-4539-4E09-9EB7-6121FCF20B91}.Debug|Any CPU.Build.0 = Debug|Any CPU
		{58483CEC-4539-4E09-9EB7-6121FCF20B91}.Debug|Any CPU.Deploy.0 = Debug|Any CPU
		{58483CEC-4539-4E09-9EB7-6121FCF20B91}.Release|Any CPU.ActiveCfg = Release|Any CPU
		{58483CEC-4539-4E09-9EB7-6121FCF20B91}.Release|Any CPU.Build.0 = Release|Any CPU
		{58483CEC-4539-4E09-9EB7-6121FCF20B91}.Release|Any CPU.Deploy.0 = Release|Any CPU
		{CA9FE82C-9125-4616-91F3-2FC559243D99}.Debug|Any CPU.ActiveCfg = Debug|Any CPU
		{CA9FE82C-9125-4616-91F3-2FC559243D99}.Debug|Any CPU.Build.0 = Debug|Any CPU
		{CA9FE82C-9125-4616-91F3-2FC559243D99}.Release|Any CPU.ActiveCfg = Release|Any CPU
		{CA9FE82C-9125-4616-91F3-2FC559243D99}.Release|Any CPU.Build.0 = Release|Any CPU
		{D4698B1A-D595-469F-8F00-D33DA4BF563E}.Debug|Any CPU.ActiveCfg = Debug|Any CPU
		{D4698B1A-D595-469F-8F00-D33DA4BF563E}.Debug|Any CPU.Build.0 = Debug|Any CPU
		{D4698B1A-D595-469F-8F00-D33DA4BF563E}.Release|Any CPU.ActiveCfg = Release|Any CPU
		{D4698B1A-D595-469F-8F00-D33DA4BF563E}.Release|Any CPU.Build.0 = Release|Any CPU
	EndGlobalSection
	GlobalSection(SolutionProperties) = preSolution
		HideSolutionNode = FALSE
	EndGlobalSection
EndGlobal
