
Microsoft Visual Studio Solution File, Format Version 12.00
# Visual Studio 14
VisualStudioVersion = 14.0.25420.1
MinimumVisualStudioVersion = 10.0.40219.1
Project("{00D1A9C2-B5F0-4AF3-8072-F6C62B433612}") = "ProjectDatabase", "ProjectDatabase\ProjectDatabase.sqlproj", "{58483CEC-4539-4E09-9EB7-6121FCF20B91}"
EndProject
Project("{FAE04EC0-301F-11D3-BF4B-00C04F79EFBC}") = "ProjectWebAPI", "ProjectWebAPI\ProjectWebAPI.csproj", "{CA9FE82C-9125-4616-91F3-2FC559243D99}"
EndProject
Project("{8BB2217D-0F2D-49D1-97BC-3654ED321F3B}") = "ProjectNetCore", "ProjectNetCore\ProjectNetCore.xproj", "{D4698B1A-D595-469F-8F00-D33DA4BF563E}"
EndProject
Project("{8BB2217D-0F2D-49D1-97BC-3654ED321F3B}") = "ProjectWebClient", "ProjectWebClient\ProjectWebClient.xproj", "{9E819F86-61AB-425A-BB13-4B64207B702F}"
EndProject
Global
	GlobalSection(SolutionConfigurationPlatforms) = preSolution
		Ad-Hoc|Android = Ad-Hoc|Android
		Ad-Hoc|Any CPU = Ad-Hoc|Any CPU
		Ad-Hoc|ARM = Ad-Hoc|ARM
		Ad-Hoc|iOS = Ad-Hoc|iOS
		Ad-Hoc|iPhone = Ad-Hoc|iPhone
		Ad-Hoc|iPhoneSimulator = Ad-Hoc|iPhoneSimulator
		Ad-Hoc|Windows Phone (Universal) = Ad-Hoc|Windows Phone (Universal)
		Ad-Hoc|Windows Phone 8 = Ad-Hoc|Windows Phone 8
		Ad-Hoc|Windows-AnyCPU = Ad-Hoc|Windows-AnyCPU
		Ad-Hoc|Windows-ARM = Ad-Hoc|Windows-ARM
		Ad-Hoc|Windows-x64 = Ad-Hoc|Windows-x64
		Ad-Hoc|Windows-x86 = Ad-Hoc|Windows-x86
		Ad-Hoc|x64 = Ad-Hoc|x64
		Ad-Hoc|x86 = Ad-Hoc|x86
		AppStore|Android = AppStore|Android
		AppStore|Any CPU = AppStore|Any CPU
		AppStore|ARM = AppStore|ARM
		AppStore|iOS = AppStore|iOS
		AppStore|iPhone = AppStore|iPhone
		AppStore|iPhoneSimulator = AppStore|iPhoneSimulator
		AppStore|Windows Phone (Universal) = AppStore|Windows Phone (Universal)
		AppStore|Windows Phone 8 = AppStore|Windows Phone 8
		AppStore|Windows-AnyCPU = AppStore|Windows-AnyCPU
		AppStore|Windows-ARM = AppStore|Windows-ARM
		AppStore|Windows-x64 = AppStore|Windows-x64
		AppStore|Windows-x86 = AppStore|Windows-x86
		AppStore|x64 = AppStore|x64
		AppStore|x86 = AppStore|x86
		Debug|Android = Debug|Android
		Debug|Any CPU = Debug|Any CPU
		Debug|ARM = Debug|ARM
		Debug|iOS = Debug|iOS
		Debug|iPhone = Debug|iPhone
		Debug|iPhoneSimulator = Debug|iPhoneSimulator
		Debug|Windows Phone (Universal) = Debug|Windows Phone (Universal)
		Debug|Windows Phone 8 = Debug|Windows Phone 8
		Debug|Windows-AnyCPU = Debug|Windows-AnyCPU
		Debug|Windows-ARM = Debug|Windows-ARM
		Debug|Windows-x64 = Debug|Windows-x64
		Debug|Windows-x86 = Debug|Windows-x86
		Debug|x64 = Debug|x64
		Debug|x86 = Debug|x86
		Release|Android = Release|Android
		Release|Any CPU = Release|Any CPU
		Release|ARM = Release|ARM
		Release|iOS = Release|iOS
		Release|iPhone = Release|iPhone
		Release|iPhoneSimulator = Release|iPhoneSimulator
		Release|Windows Phone (Universal) = Release|Windows Phone (Universal)
		Release|Windows Phone 8 = Release|Windows Phone 8
		Release|Windows-AnyCPU = Release|Windows-AnyCPU
		Release|Windows-ARM = Release|Windows-ARM
		Release|Windows-x64 = Release|Windows-x64
		Release|Windows-x86 = Release|Windows-x86
		Release|x64 = Release|x64
		Release|x86 = Release|x86
	EndGlobalSection
	GlobalSection(ProjectConfigurationPlatforms) = postSolution
		{58483CEC-4539-4E09-9EB7-6121FCF20B91}.Ad-Hoc|Android.ActiveCfg = Release|Any CPU
		{58483CEC-4539-4E09-9EB7-6121FCF20B91}.Ad-Hoc|Android.Build.0 = Release|Any CPU
		{58483CEC-4539-4E09-9EB7-6121FCF20B91}.Ad-Hoc|Android.Deploy.0 = Release|Any CPU
		{58483CEC-4539-4E09-9EB7-6121FCF20B91}.Ad-Hoc|Any CPU.ActiveCfg = Release|Any CPU
		{58483CEC-4539-4E09-9EB7-6121FCF20B91}.Ad-Hoc|Any CPU.Build.0 = Release|Any CPU
		{58483CEC-4539-4E09-9EB7-6121FCF20B91}.Ad-Hoc|Any CPU.Deploy.0 = Release|Any CPU
		{58483CEC-4539-4E09-9EB7-6121FCF20B91}.Ad-Hoc|ARM.ActiveCfg = Release|Any CPU
		{58483CEC-4539-4E09-9EB7-6121FCF20B91}.Ad-Hoc|ARM.Build.0 = Release|Any CPU
		{58483CEC-4539-4E09-9EB7-6121FCF20B91}.Ad-Hoc|ARM.Deploy.0 = Release|Any CPU
		{58483CEC-4539-4E09-9EB7-6121FCF20B91}.Ad-Hoc|iOS.ActiveCfg = Release|Any CPU
		{58483CEC-4539-4E09-9EB7-6121FCF20B91}.Ad-Hoc|iOS.Build.0 = Release|Any CPU
		{58483CEC-4539-4E09-9EB7-6121FCF20B91}.Ad-Hoc|iOS.Deploy.0 = Release|Any CPU
		{58483CEC-4539-4E09-9EB7-6121FCF20B91}.Ad-Hoc|iPhone.ActiveCfg = Release|Any CPU
		{58483CEC-4539-4E09-9EB7-6121FCF20B91}.Ad-Hoc|iPhone.Build.0 = Release|Any CPU
		{58483CEC-4539-4E09-9EB7-6121FCF20B91}.Ad-Hoc|iPhone.Deploy.0 = Release|Any CPU
		{58483CEC-4539-4E09-9EB7-6121FCF20B91}.Ad-Hoc|iPhoneSimulator.ActiveCfg = Release|Any CPU
		{58483CEC-4539-4E09-9EB7-6121FCF20B91}.Ad-Hoc|iPhoneSimulator.Build.0 = Release|Any CPU
		{58483CEC-4539-4E09-9EB7-6121FCF20B91}.Ad-Hoc|iPhoneSimulator.Deploy.0 = Release|Any CPU
		{58483CEC-4539-4E09-9EB7-6121FCF20B91}.Ad-Hoc|Windows Phone (Universal).ActiveCfg = Release|Any CPU
		{58483CEC-4539-4E09-9EB7-6121FCF20B91}.Ad-Hoc|Windows Phone (Universal).Build.0 = Release|Any CPU
		{58483CEC-4539-4E09-9EB7-6121FCF20B91}.Ad-Hoc|Windows Phone (Universal).Deploy.0 = Release|Any CPU
		{58483CEC-4539-4E09-9EB7-6121FCF20B91}.Ad-Hoc|Windows Phone 8.ActiveCfg = Release|Any CPU
		{58483CEC-4539-4E09-9EB7-6121FCF20B91}.Ad-Hoc|Windows Phone 8.Build.0 = Release|Any CPU
		{58483CEC-4539-4E09-9EB7-6121FCF20B91}.Ad-Hoc|Windows Phone 8.Deploy.0 = Release|Any CPU
		{58483CEC-4539-4E09-9EB7-6121FCF20B91}.Ad-Hoc|Windows-AnyCPU.ActiveCfg = Release|Any CPU
		{58483CEC-4539-4E09-9EB7-6121FCF20B91}.Ad-Hoc|Windows-AnyCPU.Build.0 = Release|Any CPU
		{58483CEC-4539-4E09-9EB7-6121FCF20B91}.Ad-Hoc|Windows-AnyCPU.Deploy.0 = Release|Any CPU
		{58483CEC-4539-4E09-9EB7-6121FCF20B91}.Ad-Hoc|Windows-ARM.ActiveCfg = Release|Any CPU
		{58483CEC-4539-4E09-9EB7-6121FCF20B91}.Ad-Hoc|Windows-ARM.Build.0 = Release|Any CPU
		{58483CEC-4539-4E09-9EB7-6121FCF20B91}.Ad-Hoc|Windows-ARM.Deploy.0 = Release|Any CPU
		{58483CEC-4539-4E09-9EB7-6121FCF20B91}.Ad-Hoc|Windows-x64.ActiveCfg = Release|Any CPU
		{58483CEC-4539-4E09-9EB7-6121FCF20B91}.Ad-Hoc|Windows-x64.Build.0 = Release|Any CPU
		{58483CEC-4539-4E09-9EB7-6121FCF20B91}.Ad-Hoc|Windows-x64.Deploy.0 = Release|Any CPU
		{58483CEC-4539-4E09-9EB7-6121FCF20B91}.Ad-Hoc|Windows-x86.ActiveCfg = Release|Any CPU
		{58483CEC-4539-4E09-9EB7-6121FCF20B91}.Ad-Hoc|Windows-x86.Build.0 = Release|Any CPU
		{58483CEC-4539-4E09-9EB7-6121FCF20B91}.Ad-Hoc|Windows-x86.Deploy.0 = Release|Any CPU
		{58483CEC-4539-4E09-9EB7-6121FCF20B91}.Ad-Hoc|x64.ActiveCfg = Release|Any CPU
		{58483CEC-4539-4E09-9EB7-6121FCF20B91}.Ad-Hoc|x64.Build.0 = Release|Any CPU
		{58483CEC-4539-4E09-9EB7-6121FCF20B91}.Ad-Hoc|x64.Deploy.0 = Release|Any CPU
		{58483CEC-4539-4E09-9EB7-6121FCF20B91}.Ad-Hoc|x86.ActiveCfg = Release|Any CPU
		{58483CEC-4539-4E09-9EB7-6121FCF20B91}.Ad-Hoc|x86.Build.0 = Release|Any CPU
		{58483CEC-4539-4E09-9EB7-6121FCF20B91}.Ad-Hoc|x86.Deploy.0 = Release|Any CPU
		{58483CEC-4539-4E09-9EB7-6121FCF20B91}.AppStore|Android.ActiveCfg = Release|Any CPU
		{58483CEC-4539-4E09-9EB7-6121FCF20B91}.AppStore|Android.Build.0 = Release|Any CPU
		{58483CEC-4539-4E09-9EB7-6121FCF20B91}.AppStore|Android.Deploy.0 = Release|Any CPU
		{58483CEC-4539-4E09-9EB7-6121FCF20B91}.AppStore|Any CPU.ActiveCfg = Release|Any CPU
		{58483CEC-4539-4E09-9EB7-6121FCF20B91}.AppStore|Any CPU.Build.0 = Release|Any CPU
		{58483CEC-4539-4E09-9EB7-6121FCF20B91}.AppStore|Any CPU.Deploy.0 = Release|Any CPU
		{58483CEC-4539-4E09-9EB7-6121FCF20B91}.AppStore|ARM.ActiveCfg = Release|Any CPU
		{58483CEC-4539-4E09-9EB7-6121FCF20B91}.AppStore|ARM.Build.0 = Release|Any CPU
		{58483CEC-4539-4E09-9EB7-6121FCF20B91}.AppStore|ARM.Deploy.0 = Release|Any CPU
		{58483CEC-4539-4E09-9EB7-6121FCF20B91}.AppStore|iOS.ActiveCfg = Release|Any CPU
		{58483CEC-4539-4E09-9EB7-6121FCF20B91}.AppStore|iOS.Build.0 = Release|Any CPU
		{58483CEC-4539-4E09-9EB7-6121FCF20B91}.AppStore|iOS.Deploy.0 = Release|Any CPU
		{58483CEC-4539-4E09-9EB7-6121FCF20B91}.AppStore|iPhone.ActiveCfg = Release|Any CPU
		{58483CEC-4539-4E09-9EB7-6121FCF20B91}.AppStore|iPhone.Build.0 = Release|Any CPU
		{58483CEC-4539-4E09-9EB7-6121FCF20B91}.AppStore|iPhone.Deploy.0 = Release|Any CPU
		{58483CEC-4539-4E09-9EB7-6121FCF20B91}.AppStore|iPhoneSimulator.ActiveCfg = Release|Any CPU
		{58483CEC-4539-4E09-9EB7-6121FCF20B91}.AppStore|iPhoneSimulator.Build.0 = Release|Any CPU
		{58483CEC-4539-4E09-9EB7-6121FCF20B91}.AppStore|iPhoneSimulator.Deploy.0 = Release|Any CPU
		{58483CEC-4539-4E09-9EB7-6121FCF20B91}.AppStore|Windows Phone (Universal).ActiveCfg = Release|Any CPU
		{58483CEC-4539-4E09-9EB7-6121FCF20B91}.AppStore|Windows Phone (Universal).Build.0 = Release|Any CPU
		{58483CEC-4539-4E09-9EB7-6121FCF20B91}.AppStore|Windows Phone (Universal).Deploy.0 = Release|Any CPU
		{58483CEC-4539-4E09-9EB7-6121FCF20B91}.AppStore|Windows Phone 8.ActiveCfg = Release|Any CPU
		{58483CEC-4539-4E09-9EB7-6121FCF20B91}.AppStore|Windows Phone 8.Build.0 = Release|Any CPU
		{58483CEC-4539-4E09-9EB7-6121FCF20B91}.AppStore|Windows Phone 8.Deploy.0 = Release|Any CPU
		{58483CEC-4539-4E09-9EB7-6121FCF20B91}.AppStore|Windows-AnyCPU.ActiveCfg = Release|Any CPU
		{58483CEC-4539-4E09-9EB7-6121FCF20B91}.AppStore|Windows-AnyCPU.Build.0 = Release|Any CPU
		{58483CEC-4539-4E09-9EB7-6121FCF20B91}.AppStore|Windows-AnyCPU.Deploy.0 = Release|Any CPU
		{58483CEC-4539-4E09-9EB7-6121FCF20B91}.AppStore|Windows-ARM.ActiveCfg = Release|Any CPU
		{58483CEC-4539-4E09-9EB7-6121FCF20B91}.AppStore|Windows-ARM.Build.0 = Release|Any CPU
		{58483CEC-4539-4E09-9EB7-6121FCF20B91}.AppStore|Windows-ARM.Deploy.0 = Release|Any CPU
		{58483CEC-4539-4E09-9EB7-6121FCF20B91}.AppStore|Windows-x64.ActiveCfg = Release|Any CPU
		{58483CEC-4539-4E09-9EB7-6121FCF20B91}.AppStore|Windows-x64.Build.0 = Release|Any CPU
		{58483CEC-4539-4E09-9EB7-6121FCF20B91}.AppStore|Windows-x64.Deploy.0 = Release|Any CPU
		{58483CEC-4539-4E09-9EB7-6121FCF20B91}.AppStore|Windows-x86.ActiveCfg = Release|Any CPU
		{58483CEC-4539-4E09-9EB7-6121FCF20B91}.AppStore|Windows-x86.Build.0 = Release|Any CPU
		{58483CEC-4539-4E09-9EB7-6121FCF20B91}.AppStore|Windows-x86.Deploy.0 = Release|Any CPU
		{58483CEC-4539-4E09-9EB7-6121FCF20B91}.AppStore|x64.ActiveCfg = Release|Any CPU
		{58483CEC-4539-4E09-9EB7-6121FCF20B91}.AppStore|x64.Build.0 = Release|Any CPU
		{58483CEC-4539-4E09-9EB7-6121FCF20B91}.AppStore|x64.Deploy.0 = Release|Any CPU
		{58483CEC-4539-4E09-9EB7-6121FCF20B91}.AppStore|x86.ActiveCfg = Release|Any CPU
		{58483CEC-4539-4E09-9EB7-6121FCF20B91}.AppStore|x86.Build.0 = Release|Any CPU
		{58483CEC-4539-4E09-9EB7-6121FCF20B91}.AppStore|x86.Deploy.0 = Release|Any CPU
		{58483CEC-4539-4E09-9EB7-6121FCF20B91}.Debug|Android.ActiveCfg = Debug|Any CPU
		{58483CEC-4539-4E09-9EB7-6121FCF20B91}.Debug|Android.Build.0 = Debug|Any CPU
		{58483CEC-4539-4E09-9EB7-6121FCF20B91}.Debug|Android.Deploy.0 = Debug|Any CPU
		{58483CEC-4539-4E09-9EB7-6121FCF20B91}.Debug|Any CPU.ActiveCfg = Debug|Any CPU
		{58483CEC-4539-4E09-9EB7-6121FCF20B91}.Debug|Any CPU.Build.0 = Debug|Any CPU
		{58483CEC-4539-4E09-9EB7-6121FCF20B91}.Debug|Any CPU.Deploy.0 = Debug|Any CPU
		{58483CEC-4539-4E09-9EB7-6121FCF20B91}.Debug|ARM.ActiveCfg = Debug|Any CPU
		{58483CEC-4539-4E09-9EB7-6121FCF20B91}.Debug|ARM.Build.0 = Debug|Any CPU
		{58483CEC-4539-4E09-9EB7-6121FCF20B91}.Debug|ARM.Deploy.0 = Debug|Any CPU
		{58483CEC-4539-4E09-9EB7-6121FCF20B91}.Debug|iOS.ActiveCfg = Debug|Any CPU
		{58483CEC-4539-4E09-9EB7-6121FCF20B91}.Debug|iOS.Build.0 = Debug|Any CPU
		{58483CEC-4539-4E09-9EB7-6121FCF20B91}.Debug|iOS.Deploy.0 = Debug|Any CPU
		{58483CEC-4539-4E09-9EB7-6121FCF20B91}.Debug|iPhone.ActiveCfg = Debug|Any CPU
		{58483CEC-4539-4E09-9EB7-6121FCF20B91}.Debug|iPhone.Build.0 = Debug|Any CPU
		{58483CEC-4539-4E09-9EB7-6121FCF20B91}.Debug|iPhone.Deploy.0 = Debug|Any CPU
		{58483CEC-4539-4E09-9EB7-6121FCF20B91}.Debug|iPhoneSimulator.ActiveCfg = Debug|Any CPU
		{58483CEC-4539-4E09-9EB7-6121FCF20B91}.Debug|iPhoneSimulator.Build.0 = Debug|Any CPU
		{58483CEC-4539-4E09-9EB7-6121FCF20B91}.Debug|iPhoneSimulator.Deploy.0 = Debug|Any CPU
		{58483CEC-4539-4E09-9EB7-6121FCF20B91}.Debug|Windows Phone (Universal).ActiveCfg = Debug|Any CPU
		{58483CEC-4539-4E09-9EB7-6121FCF20B91}.Debug|Windows Phone (Universal).Build.0 = Debug|Any CPU
		{58483CEC-4539-4E09-9EB7-6121FCF20B91}.Debug|Windows Phone (Universal).Deploy.0 = Debug|Any CPU
		{58483CEC-4539-4E09-9EB7-6121FCF20B91}.Debug|Windows Phone 8.ActiveCfg = Debug|Any CPU
		{58483CEC-4539-4E09-9EB7-6121FCF20B91}.Debug|Windows Phone 8.Build.0 = Debug|Any CPU
		{58483CEC-4539-4E09-9EB7-6121FCF20B91}.Debug|Windows Phone 8.Deploy.0 = Debug|Any CPU
		{58483CEC-4539-4E09-9EB7-6121FCF20B91}.Debug|Windows-AnyCPU.ActiveCfg = Debug|Any CPU
		{58483CEC-4539-4E09-9EB7-6121FCF20B91}.Debug|Windows-AnyCPU.Build.0 = Debug|Any CPU
		{58483CEC-4539-4E09-9EB7-6121FCF20B91}.Debug|Windows-AnyCPU.Deploy.0 = Debug|Any CPU
		{58483CEC-4539-4E09-9EB7-6121FCF20B91}.Debug|Windows-ARM.ActiveCfg = Debug|Any CPU
		{58483CEC-4539-4E09-9EB7-6121FCF20B91}.Debug|Windows-ARM.Build.0 = Debug|Any CPU
		{58483CEC-4539-4E09-9EB7-6121FCF20B91}.Debug|Windows-ARM.Deploy.0 = Debug|Any CPU
		{58483CEC-4539-4E09-9EB7-6121FCF20B91}.Debug|Windows-x64.ActiveCfg = Debug|Any CPU
		{58483CEC-4539-4E09-9EB7-6121FCF20B91}.Debug|Windows-x64.Build.0 = Debug|Any CPU
		{58483CEC-4539-4E09-9EB7-6121FCF20B91}.Debug|Windows-x64.Deploy.0 = Debug|Any CPU
		{58483CEC-4539-4E09-9EB7-6121FCF20B91}.Debug|Windows-x86.ActiveCfg = Debug|Any CPU
		{58483CEC-4539-4E09-9EB7-6121FCF20B91}.Debug|Windows-x86.Build.0 = Debug|Any CPU
		{58483CEC-4539-4E09-9EB7-6121FCF20B91}.Debug|Windows-x86.Deploy.0 = Debug|Any CPU
		{58483CEC-4539-4E09-9EB7-6121FCF20B91}.Debug|x64.ActiveCfg = Debug|Any CPU
		{58483CEC-4539-4E09-9EB7-6121FCF20B91}.Debug|x64.Build.0 = Debug|Any CPU
		{58483CEC-4539-4E09-9EB7-6121FCF20B91}.Debug|x64.Deploy.0 = Debug|Any CPU
		{58483CEC-4539-4E09-9EB7-6121FCF20B91}.Debug|x86.ActiveCfg = Debug|Any CPU
		{58483CEC-4539-4E09-9EB7-6121FCF20B91}.Debug|x86.Build.0 = Debug|Any CPU
		{58483CEC-4539-4E09-9EB7-6121FCF20B91}.Debug|x86.Deploy.0 = Debug|Any CPU
		{58483CEC-4539-4E09-9EB7-6121FCF20B91}.Release|Android.ActiveCfg = Release|Any CPU
		{58483CEC-4539-4E09-9EB7-6121FCF20B91}.Release|Android.Build.0 = Release|Any CPU
		{58483CEC-4539-4E09-9EB7-6121FCF20B91}.Release|Android.Deploy.0 = Release|Any CPU
		{58483CEC-4539-4E09-9EB7-6121FCF20B91}.Release|Any CPU.ActiveCfg = Release|Any CPU
		{58483CEC-4539-4E09-9EB7-6121FCF20B91}.Release|Any CPU.Build.0 = Release|Any CPU
		{58483CEC-4539-4E09-9EB7-6121FCF20B91}.Release|Any CPU.Deploy.0 = Release|Any CPU
		{58483CEC-4539-4E09-9EB7-6121FCF20B91}.Release|ARM.ActiveCfg = Release|Any CPU
		{58483CEC-4539-4E09-9EB7-6121FCF20B91}.Release|ARM.Build.0 = Release|Any CPU
		{58483CEC-4539-4E09-9EB7-6121FCF20B91}.Release|ARM.Deploy.0 = Release|Any CPU
		{58483CEC-4539-4E09-9EB7-6121FCF20B91}.Release|iOS.ActiveCfg = Release|Any CPU
		{58483CEC-4539-4E09-9EB7-6121FCF20B91}.Release|iOS.Build.0 = Release|Any CPU
		{58483CEC-4539-4E09-9EB7-6121FCF20B91}.Release|iOS.Deploy.0 = Release|Any CPU
		{58483CEC-4539-4E09-9EB7-6121FCF20B91}.Release|iPhone.ActiveCfg = Release|Any CPU
		{58483CEC-4539-4E09-9EB7-6121FCF20B91}.Release|iPhone.Build.0 = Release|Any CPU
		{58483CEC-4539-4E09-9EB7-6121FCF20B91}.Release|iPhone.Deploy.0 = Release|Any CPU
		{58483CEC-4539-4E09-9EB7-6121FCF20B91}.Release|iPhoneSimulator.ActiveCfg = Release|Any CPU
		{58483CEC-4539-4E09-9EB7-6121FCF20B91}.Release|iPhoneSimulator.Build.0 = Release|Any CPU
		{58483CEC-4539-4E09-9EB7-6121FCF20B91}.Release|iPhoneSimulator.Deploy.0 = Release|Any CPU
		{58483CEC-4539-4E09-9EB7-6121FCF20B91}.Release|Windows Phone (Universal).ActiveCfg = Release|Any CPU
		{58483CEC-4539-4E09-9EB7-6121FCF20B91}.Release|Windows Phone (Universal).Build.0 = Release|Any CPU
		{58483CEC-4539-4E09-9EB7-6121FCF20B91}.Release|Windows Phone (Universal).Deploy.0 = Release|Any CPU
		{58483CEC-4539-4E09-9EB7-6121FCF20B91}.Release|Windows Phone 8.ActiveCfg = Release|Any CPU
		{58483CEC-4539-4E09-9EB7-6121FCF20B91}.Release|Windows Phone 8.Build.0 = Release|Any CPU
		{58483CEC-4539-4E09-9EB7-6121FCF20B91}.Release|Windows Phone 8.Deploy.0 = Release|Any CPU
		{58483CEC-4539-4E09-9EB7-6121FCF20B91}.Release|Windows-AnyCPU.ActiveCfg = Release|Any CPU
		{58483CEC-4539-4E09-9EB7-6121FCF20B91}.Release|Windows-AnyCPU.Build.0 = Release|Any CPU
		{58483CEC-4539-4E09-9EB7-6121FCF20B91}.Release|Windows-AnyCPU.Deploy.0 = Release|Any CPU
		{58483CEC-4539-4E09-9EB7-6121FCF20B91}.Release|Windows-ARM.ActiveCfg = Release|Any CPU
		{58483CEC-4539-4E09-9EB7-6121FCF20B91}.Release|Windows-ARM.Build.0 = Release|Any CPU
		{58483CEC-4539-4E09-9EB7-6121FCF20B91}.Release|Windows-ARM.Deploy.0 = Release|Any CPU
		{58483CEC-4539-4E09-9EB7-6121FCF20B91}.Release|Windows-x64.ActiveCfg = Release|Any CPU
		{58483CEC-4539-4E09-9EB7-6121FCF20B91}.Release|Windows-x64.Build.0 = Release|Any CPU
		{58483CEC-4539-4E09-9EB7-6121FCF20B91}.Release|Windows-x64.Deploy.0 = Release|Any CPU
		{58483CEC-4539-4E09-9EB7-6121FCF20B91}.Release|Windows-x86.ActiveCfg = Release|Any CPU
		{58483CEC-4539-4E09-9EB7-6121FCF20B91}.Release|Windows-x86.Build.0 = Release|Any CPU
		{58483CEC-4539-4E09-9EB7-6121FCF20B91}.Release|Windows-x86.Deploy.0 = Release|Any CPU
		{58483CEC-4539-4E09-9EB7-6121FCF20B91}.Release|x64.ActiveCfg = Release|Any CPU
		{58483CEC-4539-4E09-9EB7-6121FCF20B91}.Release|x64.Build.0 = Release|Any CPU
		{58483CEC-4539-4E09-9EB7-6121FCF20B91}.Release|x64.Deploy.0 = Release|Any CPU
		{58483CEC-4539-4E09-9EB7-6121FCF20B91}.Release|x86.ActiveCfg = Release|Any CPU
		{58483CEC-4539-4E09-9EB7-6121FCF20B91}.Release|x86.Build.0 = Release|Any CPU
		{58483CEC-4539-4E09-9EB7-6121FCF20B91}.Release|x86.Deploy.0 = Release|Any CPU
		{CA9FE82C-9125-4616-91F3-2FC559243D99}.Ad-Hoc|Android.ActiveCfg = Release|Any CPU
		{CA9FE82C-9125-4616-91F3-2FC559243D99}.Ad-Hoc|Android.Build.0 = Release|Any CPU
		{CA9FE82C-9125-4616-91F3-2FC559243D99}.Ad-Hoc|Any CPU.ActiveCfg = Release|Any CPU
		{CA9FE82C-9125-4616-91F3-2FC559243D99}.Ad-Hoc|Any CPU.Build.0 = Release|Any CPU
		{CA9FE82C-9125-4616-91F3-2FC559243D99}.Ad-Hoc|ARM.ActiveCfg = Release|Any CPU
		{CA9FE82C-9125-4616-91F3-2FC559243D99}.Ad-Hoc|ARM.Build.0 = Release|Any CPU
		{CA9FE82C-9125-4616-91F3-2FC559243D99}.Ad-Hoc|iOS.ActiveCfg = Release|Any CPU
		{CA9FE82C-9125-4616-91F3-2FC559243D99}.Ad-Hoc|iOS.Build.0 = Release|Any CPU
		{CA9FE82C-9125-4616-91F3-2FC559243D99}.Ad-Hoc|iPhone.ActiveCfg = Release|Any CPU
		{CA9FE82C-9125-4616-91F3-2FC559243D99}.Ad-Hoc|iPhone.Build.0 = Release|Any CPU
		{CA9FE82C-9125-4616-91F3-2FC559243D99}.Ad-Hoc|iPhoneSimulator.ActiveCfg = Release|Any CPU
		{CA9FE82C-9125-4616-91F3-2FC559243D99}.Ad-Hoc|iPhoneSimulator.Build.0 = Release|Any CPU
		{CA9FE82C-9125-4616-91F3-2FC559243D99}.Ad-Hoc|Windows Phone (Universal).ActiveCfg = Release|Any CPU
		{CA9FE82C-9125-4616-91F3-2FC559243D99}.Ad-Hoc|Windows Phone (Universal).Build.0 = Release|Any CPU
		{CA9FE82C-9125-4616-91F3-2FC559243D99}.Ad-Hoc|Windows Phone 8.ActiveCfg = Release|Any CPU
		{CA9FE82C-9125-4616-91F3-2FC559243D99}.Ad-Hoc|Windows Phone 8.Build.0 = Release|Any CPU
		{CA9FE82C-9125-4616-91F3-2FC559243D99}.Ad-Hoc|Windows-AnyCPU.ActiveCfg = Release|Any CPU
		{CA9FE82C-9125-4616-91F3-2FC559243D99}.Ad-Hoc|Windows-AnyCPU.Build.0 = Release|Any CPU
		{CA9FE82C-9125-4616-91F3-2FC559243D99}.Ad-Hoc|Windows-ARM.ActiveCfg = Release|Any CPU
		{CA9FE82C-9125-4616-91F3-2FC559243D99}.Ad-Hoc|Windows-ARM.Build.0 = Release|Any CPU
		{CA9FE82C-9125-4616-91F3-2FC559243D99}.Ad-Hoc|Windows-x64.ActiveCfg = Release|Any CPU
		{CA9FE82C-9125-4616-91F3-2FC559243D99}.Ad-Hoc|Windows-x64.Build.0 = Release|Any CPU
		{CA9FE82C-9125-4616-91F3-2FC559243D99}.Ad-Hoc|Windows-x86.ActiveCfg = Release|Any CPU
		{CA9FE82C-9125-4616-91F3-2FC559243D99}.Ad-Hoc|Windows-x86.Build.0 = Release|Any CPU
		{CA9FE82C-9125-4616-91F3-2FC559243D99}.Ad-Hoc|x64.ActiveCfg = Release|Any CPU
		{CA9FE82C-9125-4616-91F3-2FC559243D99}.Ad-Hoc|x64.Build.0 = Release|Any CPU
		{CA9FE82C-9125-4616-91F3-2FC559243D99}.Ad-Hoc|x86.ActiveCfg = Release|Any CPU
		{CA9FE82C-9125-4616-91F3-2FC559243D99}.Ad-Hoc|x86.Build.0 = Release|Any CPU
		{CA9FE82C-9125-4616-91F3-2FC559243D99}.AppStore|Android.ActiveCfg = Release|Any CPU
		{CA9FE82C-9125-4616-91F3-2FC559243D99}.AppStore|Android.Build.0 = Release|Any CPU
		{CA9FE82C-9125-4616-91F3-2FC559243D99}.AppStore|Any CPU.ActiveCfg = Release|Any CPU
		{CA9FE82C-9125-4616-91F3-2FC559243D99}.AppStore|Any CPU.Build.0 = Release|Any CPU
		{CA9FE82C-9125-4616-91F3-2FC559243D99}.AppStore|ARM.ActiveCfg = Release|Any CPU
		{CA9FE82C-9125-4616-91F3-2FC559243D99}.AppStore|ARM.Build.0 = Release|Any CPU
		{CA9FE82C-9125-4616-91F3-2FC559243D99}.AppStore|iOS.ActiveCfg = Release|Any CPU
		{CA9FE82C-9125-4616-91F3-2FC559243D99}.AppStore|iOS.Build.0 = Release|Any CPU
		{CA9FE82C-9125-4616-91F3-2FC559243D99}.AppStore|iPhone.ActiveCfg = Release|Any CPU
		{CA9FE82C-9125-4616-91F3-2FC559243D99}.AppStore|iPhone.Build.0 = Release|Any CPU
		{CA9FE82C-9125-4616-91F3-2FC559243D99}.AppStore|iPhoneSimulator.ActiveCfg = Release|Any CPU
		{CA9FE82C-9125-4616-91F3-2FC559243D99}.AppStore|iPhoneSimulator.Build.0 = Release|Any CPU
		{CA9FE82C-9125-4616-91F3-2FC559243D99}.AppStore|Windows Phone (Universal).ActiveCfg = Release|Any CPU
		{CA9FE82C-9125-4616-91F3-2FC559243D99}.AppStore|Windows Phone (Universal).Build.0 = Release|Any CPU
		{CA9FE82C-9125-4616-91F3-2FC559243D99}.AppStore|Windows Phone 8.ActiveCfg = Release|Any CPU
		{CA9FE82C-9125-4616-91F3-2FC559243D99}.AppStore|Windows Phone 8.Build.0 = Release|Any CPU
		{CA9FE82C-9125-4616-91F3-2FC559243D99}.AppStore|Windows-AnyCPU.ActiveCfg = Release|Any CPU
		{CA9FE82C-9125-4616-91F3-2FC559243D99}.AppStore|Windows-AnyCPU.Build.0 = Release|Any CPU
		{CA9FE82C-9125-4616-91F3-2FC559243D99}.AppStore|Windows-ARM.ActiveCfg = Release|Any CPU
		{CA9FE82C-9125-4616-91F3-2FC559243D99}.AppStore|Windows-ARM.Build.0 = Release|Any CPU
		{CA9FE82C-9125-4616-91F3-2FC559243D99}.AppStore|Windows-x64.ActiveCfg = Release|Any CPU
		{CA9FE82C-9125-4616-91F3-2FC559243D99}.AppStore|Windows-x64.Build.0 = Release|Any CPU
		{CA9FE82C-9125-4616-91F3-2FC559243D99}.AppStore|Windows-x86.ActiveCfg = Release|Any CPU
		{CA9FE82C-9125-4616-91F3-2FC559243D99}.AppStore|Windows-x86.Build.0 = Release|Any CPU
		{CA9FE82C-9125-4616-91F3-2FC559243D99}.AppStore|x64.ActiveCfg = Release|Any CPU
		{CA9FE82C-9125-4616-91F3-2FC559243D99}.AppStore|x64.Build.0 = Release|Any CPU
		{CA9FE82C-9125-4616-91F3-2FC559243D99}.AppStore|x86.ActiveCfg = Release|Any CPU
		{CA9FE82C-9125-4616-91F3-2FC559243D99}.AppStore|x86.Build.0 = Release|Any CPU
		{CA9FE82C-9125-4616-91F3-2FC559243D99}.Debug|Android.ActiveCfg = Debug|Any CPU
		{CA9FE82C-9125-4616-91F3-2FC559243D99}.Debug|Android.Build.0 = Debug|Any CPU
		{CA9FE82C-9125-4616-91F3-2FC559243D99}.Debug|Any CPU.ActiveCfg = Debug|Any CPU
		{CA9FE82C-9125-4616-91F3-2FC559243D99}.Debug|Any CPU.Build.0 = Debug|Any CPU
		{CA9FE82C-9125-4616-91F3-2FC559243D99}.Debug|ARM.ActiveCfg = Debug|Any CPU
		{CA9FE82C-9125-4616-91F3-2FC559243D99}.Debug|ARM.Build.0 = Debug|Any CPU
		{CA9FE82C-9125-4616-91F3-2FC559243D99}.Debug|iOS.ActiveCfg = Debug|Any CPU
		{CA9FE82C-9125-4616-91F3-2FC559243D99}.Debug|iOS.Build.0 = Debug|Any CPU
		{CA9FE82C-9125-4616-91F3-2FC559243D99}.Debug|iPhone.ActiveCfg = Debug|Any CPU
		{CA9FE82C-9125-4616-91F3-2FC559243D99}.Debug|iPhone.Build.0 = Debug|Any CPU
		{CA9FE82C-9125-4616-91F3-2FC559243D99}.Debug|iPhoneSimulator.ActiveCfg = Debug|Any CPU
		{CA9FE82C-9125-4616-91F3-2FC559243D99}.Debug|iPhoneSimulator.Build.0 = Debug|Any CPU
		{CA9FE82C-9125-4616-91F3-2FC559243D99}.Debug|Windows Phone (Universal).ActiveCfg = Debug|Any CPU
		{CA9FE82C-9125-4616-91F3-2FC559243D99}.Debug|Windows Phone (Universal).Build.0 = Debug|Any CPU
		{CA9FE82C-9125-4616-91F3-2FC559243D99}.Debug|Windows Phone 8.ActiveCfg = Debug|Any CPU
		{CA9FE82C-9125-4616-91F3-2FC559243D99}.Debug|Windows Phone 8.Build.0 = Debug|Any CPU
		{CA9FE82C-9125-4616-91F3-2FC559243D99}.Debug|Windows-AnyCPU.ActiveCfg = Debug|Any CPU
		{CA9FE82C-9125-4616-91F3-2FC559243D99}.Debug|Windows-AnyCPU.Build.0 = Debug|Any CPU
		{CA9FE82C-9125-4616-91F3-2FC559243D99}.Debug|Windows-ARM.ActiveCfg = Debug|Any CPU
		{CA9FE82C-9125-4616-91F3-2FC559243D99}.Debug|Windows-ARM.Build.0 = Debug|Any CPU
		{CA9FE82C-9125-4616-91F3-2FC559243D99}.Debug|Windows-x64.ActiveCfg = Debug|Any CPU
		{CA9FE82C-9125-4616-91F3-2FC559243D99}.Debug|Windows-x64.Build.0 = Debug|Any CPU
		{CA9FE82C-9125-4616-91F3-2FC559243D99}.Debug|Windows-x86.ActiveCfg = Debug|Any CPU
		{CA9FE82C-9125-4616-91F3-2FC559243D99}.Debug|Windows-x86.Build.0 = Debug|Any CPU
		{CA9FE82C-9125-4616-91F3-2FC559243D99}.Debug|x64.ActiveCfg = Debug|Any CPU
		{CA9FE82C-9125-4616-91F3-2FC559243D99}.Debug|x64.Build.0 = Debug|Any CPU
		{CA9FE82C-9125-4616-91F3-2FC559243D99}.Debug|x86.ActiveCfg = Debug|Any CPU
		{CA9FE82C-9125-4616-91F3-2FC559243D99}.Debug|x86.Build.0 = Debug|Any CPU
		{CA9FE82C-9125-4616-91F3-2FC559243D99}.Release|Android.ActiveCfg = Release|Any CPU
		{CA9FE82C-9125-4616-91F3-2FC559243D99}.Release|Android.Build.0 = Release|Any CPU
		{CA9FE82C-9125-4616-91F3-2FC559243D99}.Release|Any CPU.ActiveCfg = Release|Any CPU
		{CA9FE82C-9125-4616-91F3-2FC559243D99}.Release|Any CPU.Build.0 = Release|Any CPU
		{CA9FE82C-9125-4616-91F3-2FC559243D99}.Release|ARM.ActiveCfg = Release|Any CPU
		{CA9FE82C-9125-4616-91F3-2FC559243D99}.Release|ARM.Build.0 = Release|Any CPU
		{CA9FE82C-9125-4616-91F3-2FC559243D99}.Release|iOS.ActiveCfg = Release|Any CPU
		{CA9FE82C-9125-4616-91F3-2FC559243D99}.Release|iOS.Build.0 = Release|Any CPU
		{CA9FE82C-9125-4616-91F3-2FC559243D99}.Release|iPhone.ActiveCfg = Release|Any CPU
		{CA9FE82C-9125-4616-91F3-2FC559243D99}.Release|iPhone.Build.0 = Release|Any CPU
		{CA9FE82C-9125-4616-91F3-2FC559243D99}.Release|iPhoneSimulator.ActiveCfg = Release|Any CPU
		{CA9FE82C-9125-4616-91F3-2FC559243D99}.Release|iPhoneSimulator.Build.0 = Release|Any CPU
		{CA9FE82C-9125-4616-91F3-2FC559243D99}.Release|Windows Phone (Universal).ActiveCfg = Release|Any CPU
		{CA9FE82C-9125-4616-91F3-2FC559243D99}.Release|Windows Phone (Universal).Build.0 = Release|Any CPU
		{CA9FE82C-9125-4616-91F3-2FC559243D99}.Release|Windows Phone 8.ActiveCfg = Release|Any CPU
		{CA9FE82C-9125-4616-91F3-2FC559243D99}.Release|Windows Phone 8.Build.0 = Release|Any CPU
		{CA9FE82C-9125-4616-91F3-2FC559243D99}.Release|Windows-AnyCPU.ActiveCfg = Release|Any CPU
		{CA9FE82C-9125-4616-91F3-2FC559243D99}.Release|Windows-AnyCPU.Build.0 = Release|Any CPU
		{CA9FE82C-9125-4616-91F3-2FC559243D99}.Release|Windows-ARM.ActiveCfg = Release|Any CPU
		{CA9FE82C-9125-4616-91F3-2FC559243D99}.Release|Windows-ARM.Build.0 = Release|Any CPU
		{CA9FE82C-9125-4616-91F3-2FC559243D99}.Release|Windows-x64.ActiveCfg = Release|Any CPU
		{CA9FE82C-9125-4616-91F3-2FC559243D99}.Release|Windows-x64.Build.0 = Release|Any CPU
		{CA9FE82C-9125-4616-91F3-2FC559243D99}.Release|Windows-x86.ActiveCfg = Release|Any CPU
		{CA9FE82C-9125-4616-91F3-2FC559243D99}.Release|Windows-x86.Build.0 = Release|Any CPU
		{CA9FE82C-9125-4616-91F3-2FC559243D99}.Release|x64.ActiveCfg = Release|Any CPU
		{CA9FE82C-9125-4616-91F3-2FC559243D99}.Release|x64.Build.0 = Release|Any CPU
		{CA9FE82C-9125-4616-91F3-2FC559243D99}.Release|x86.ActiveCfg = Release|Any CPU
		{CA9FE82C-9125-4616-91F3-2FC559243D99}.Release|x86.Build.0 = Release|Any CPU
		{D4698B1A-D595-469F-8F00-D33DA4BF563E}.Ad-Hoc|Android.ActiveCfg = Release|Any CPU
		{D4698B1A-D595-469F-8F00-D33DA4BF563E}.Ad-Hoc|Android.Build.0 = Release|Any CPU
		{D4698B1A-D595-469F-8F00-D33DA4BF563E}.Ad-Hoc|Any CPU.ActiveCfg = Release|Any CPU
		{D4698B1A-D595-469F-8F00-D33DA4BF563E}.Ad-Hoc|Any CPU.Build.0 = Release|Any CPU
		{D4698B1A-D595-469F-8F00-D33DA4BF563E}.Ad-Hoc|ARM.ActiveCfg = Release|Any CPU
		{D4698B1A-D595-469F-8F00-D33DA4BF563E}.Ad-Hoc|ARM.Build.0 = Release|Any CPU
		{D4698B1A-D595-469F-8F00-D33DA4BF563E}.Ad-Hoc|iOS.ActiveCfg = Release|Any CPU
		{D4698B1A-D595-469F-8F00-D33DA4BF563E}.Ad-Hoc|iOS.Build.0 = Release|Any CPU
		{D4698B1A-D595-469F-8F00-D33DA4BF563E}.Ad-Hoc|iPhone.ActiveCfg = Release|Any CPU
		{D4698B1A-D595-469F-8F00-D33DA4BF563E}.Ad-Hoc|iPhone.Build.0 = Release|Any CPU
		{D4698B1A-D595-469F-8F00-D33DA4BF563E}.Ad-Hoc|iPhoneSimulator.ActiveCfg = Release|Any CPU
		{D4698B1A-D595-469F-8F00-D33DA4BF563E}.Ad-Hoc|iPhoneSimulator.Build.0 = Release|Any CPU
		{D4698B1A-D595-469F-8F00-D33DA4BF563E}.Ad-Hoc|Windows Phone (Universal).ActiveCfg = Release|Any CPU
		{D4698B1A-D595-469F-8F00-D33DA4BF563E}.Ad-Hoc|Windows Phone (Universal).Build.0 = Release|Any CPU
		{D4698B1A-D595-469F-8F00-D33DA4BF563E}.Ad-Hoc|Windows Phone 8.ActiveCfg = Release|Any CPU
		{D4698B1A-D595-469F-8F00-D33DA4BF563E}.Ad-Hoc|Windows Phone 8.Build.0 = Release|Any CPU
		{D4698B1A-D595-469F-8F00-D33DA4BF563E}.Ad-Hoc|Windows-AnyCPU.ActiveCfg = Release|Any CPU
		{D4698B1A-D595-469F-8F00-D33DA4BF563E}.Ad-Hoc|Windows-AnyCPU.Build.0 = Release|Any CPU
		{D4698B1A-D595-469F-8F00-D33DA4BF563E}.Ad-Hoc|Windows-ARM.ActiveCfg = Release|Any CPU
		{D4698B1A-D595-469F-8F00-D33DA4BF563E}.Ad-Hoc|Windows-ARM.Build.0 = Release|Any CPU
		{D4698B1A-D595-469F-8F00-D33DA4BF563E}.Ad-Hoc|Windows-x64.ActiveCfg = Release|Any CPU
		{D4698B1A-D595-469F-8F00-D33DA4BF563E}.Ad-Hoc|Windows-x64.Build.0 = Release|Any CPU
		{D4698B1A-D595-469F-8F00-D33DA4BF563E}.Ad-Hoc|Windows-x86.ActiveCfg = Release|Any CPU
		{D4698B1A-D595-469F-8F00-D33DA4BF563E}.Ad-Hoc|Windows-x86.Build.0 = Release|Any CPU
		{D4698B1A-D595-469F-8F00-D33DA4BF563E}.Ad-Hoc|x64.ActiveCfg = Release|Any CPU
		{D4698B1A-D595-469F-8F00-D33DA4BF563E}.Ad-Hoc|x64.Build.0 = Release|Any CPU
		{D4698B1A-D595-469F-8F00-D33DA4BF563E}.Ad-Hoc|x86.ActiveCfg = Release|Any CPU
		{D4698B1A-D595-469F-8F00-D33DA4BF563E}.Ad-Hoc|x86.Build.0 = Release|Any CPU
		{D4698B1A-D595-469F-8F00-D33DA4BF563E}.AppStore|Android.ActiveCfg = Release|Any CPU
		{D4698B1A-D595-469F-8F00-D33DA4BF563E}.AppStore|Android.Build.0 = Release|Any CPU
		{D4698B1A-D595-469F-8F00-D33DA4BF563E}.AppStore|Any CPU.ActiveCfg = Release|Any CPU
		{D4698B1A-D595-469F-8F00-D33DA4BF563E}.AppStore|Any CPU.Build.0 = Release|Any CPU
		{D4698B1A-D595-469F-8F00-D33DA4BF563E}.AppStore|ARM.ActiveCfg = Release|Any CPU
		{D4698B1A-D595-469F-8F00-D33DA4BF563E}.AppStore|ARM.Build.0 = Release|Any CPU
		{D4698B1A-D595-469F-8F00-D33DA4BF563E}.AppStore|iOS.ActiveCfg = Release|Any CPU
		{D4698B1A-D595-469F-8F00-D33DA4BF563E}.AppStore|iOS.Build.0 = Release|Any CPU
		{D4698B1A-D595-469F-8F00-D33DA4BF563E}.AppStore|iPhone.ActiveCfg = Release|Any CPU
		{D4698B1A-D595-469F-8F00-D33DA4BF563E}.AppStore|iPhone.Build.0 = Release|Any CPU
		{D4698B1A-D595-469F-8F00-D33DA4BF563E}.AppStore|iPhoneSimulator.ActiveCfg = Release|Any CPU
		{D4698B1A-D595-469F-8F00-D33DA4BF563E}.AppStore|iPhoneSimulator.Build.0 = Release|Any CPU
		{D4698B1A-D595-469F-8F00-D33DA4BF563E}.AppStore|Windows Phone (Universal).ActiveCfg = Release|Any CPU
		{D4698B1A-D595-469F-8F00-D33DA4BF563E}.AppStore|Windows Phone (Universal).Build.0 = Release|Any CPU
		{D4698B1A-D595-469F-8F00-D33DA4BF563E}.AppStore|Windows Phone 8.ActiveCfg = Release|Any CPU
		{D4698B1A-D595-469F-8F00-D33DA4BF563E}.AppStore|Windows Phone 8.Build.0 = Release|Any CPU
		{D4698B1A-D595-469F-8F00-D33DA4BF563E}.AppStore|Windows-AnyCPU.ActiveCfg = Release|Any CPU
		{D4698B1A-D595-469F-8F00-D33DA4BF563E}.AppStore|Windows-AnyCPU.Build.0 = Release|Any CPU
		{D4698B1A-D595-469F-8F00-D33DA4BF563E}.AppStore|Windows-ARM.ActiveCfg = Release|Any CPU
		{D4698B1A-D595-469F-8F00-D33DA4BF563E}.AppStore|Windows-ARM.Build.0 = Release|Any CPU
		{D4698B1A-D595-469F-8F00-D33DA4BF563E}.AppStore|Windows-x64.ActiveCfg = Release|Any CPU
		{D4698B1A-D595-469F-8F00-D33DA4BF563E}.AppStore|Windows-x64.Build.0 = Release|Any CPU
		{D4698B1A-D595-469F-8F00-D33DA4BF563E}.AppStore|Windows-x86.ActiveCfg = Release|Any CPU
		{D4698B1A-D595-469F-8F00-D33DA4BF563E}.AppStore|Windows-x86.Build.0 = Release|Any CPU
		{D4698B1A-D595-469F-8F00-D33DA4BF563E}.AppStore|x64.ActiveCfg = Release|Any CPU
		{D4698B1A-D595-469F-8F00-D33DA4BF563E}.AppStore|x64.Build.0 = Release|Any CPU
		{D4698B1A-D595-469F-8F00-D33DA4BF563E}.AppStore|x86.ActiveCfg = Release|Any CPU
		{D4698B1A-D595-469F-8F00-D33DA4BF563E}.AppStore|x86.Build.0 = Release|Any CPU
		{D4698B1A-D595-469F-8F00-D33DA4BF563E}.Debug|Android.ActiveCfg = Debug|Any CPU
		{D4698B1A-D595-469F-8F00-D33DA4BF563E}.Debug|Android.Build.0 = Debug|Any CPU
		{D4698B1A-D595-469F-8F00-D33DA4BF563E}.Debug|Any CPU.ActiveCfg = Debug|Any CPU
		{D4698B1A-D595-469F-8F00-D33DA4BF563E}.Debug|Any CPU.Build.0 = Debug|Any CPU
		{D4698B1A-D595-469F-8F00-D33DA4BF563E}.Debug|ARM.ActiveCfg = Debug|Any CPU
		{D4698B1A-D595-469F-8F00-D33DA4BF563E}.Debug|ARM.Build.0 = Debug|Any CPU
		{D4698B1A-D595-469F-8F00-D33DA4BF563E}.Debug|iOS.ActiveCfg = Debug|Any CPU
		{D4698B1A-D595-469F-8F00-D33DA4BF563E}.Debug|iOS.Build.0 = Debug|Any CPU
		{D4698B1A-D595-469F-8F00-D33DA4BF563E}.Debug|iPhone.ActiveCfg = Debug|Any CPU
		{D4698B1A-D595-469F-8F00-D33DA4BF563E}.Debug|iPhone.Build.0 = Debug|Any CPU
		{D4698B1A-D595-469F-8F00-D33DA4BF563E}.Debug|iPhoneSimulator.ActiveCfg = Debug|Any CPU
		{D4698B1A-D595-469F-8F00-D33DA4BF563E}.Debug|iPhoneSimulator.Build.0 = Debug|Any CPU
		{D4698B1A-D595-469F-8F00-D33DA4BF563E}.Debug|Windows Phone (Universal).ActiveCfg = Debug|Any CPU
		{D4698B1A-D595-469F-8F00-D33DA4BF563E}.Debug|Windows Phone (Universal).Build.0 = Debug|Any CPU
		{D4698B1A-D595-469F-8F00-D33DA4BF563E}.Debug|Windows Phone 8.ActiveCfg = Debug|Any CPU
		{D4698B1A-D595-469F-8F00-D33DA4BF563E}.Debug|Windows Phone 8.Build.0 = Debug|Any CPU
		{D4698B1A-D595-469F-8F00-D33DA4BF563E}.Debug|Windows-AnyCPU.ActiveCfg = Debug|Any CPU
		{D4698B1A-D595-469F-8F00-D33DA4BF563E}.Debug|Windows-AnyCPU.Build.0 = Debug|Any CPU
		{D4698B1A-D595-469F-8F00-D33DA4BF563E}.Debug|Windows-ARM.ActiveCfg = Debug|Any CPU
		{D4698B1A-D595-469F-8F00-D33DA4BF563E}.Debug|Windows-ARM.Build.0 = Debug|Any CPU
		{D4698B1A-D595-469F-8F00-D33DA4BF563E}.Debug|Windows-x64.ActiveCfg = Debug|Any CPU
		{D4698B1A-D595-469F-8F00-D33DA4BF563E}.Debug|Windows-x64.Build.0 = Debug|Any CPU
		{D4698B1A-D595-469F-8F00-D33DA4BF563E}.Debug|Windows-x86.ActiveCfg = Debug|Any CPU
		{D4698B1A-D595-469F-8F00-D33DA4BF563E}.Debug|Windows-x86.Build.0 = Debug|Any CPU
		{D4698B1A-D595-469F-8F00-D33DA4BF563E}.Debug|x64.ActiveCfg = Debug|Any CPU
		{D4698B1A-D595-469F-8F00-D33DA4BF563E}.Debug|x64.Build.0 = Debug|Any CPU
		{D4698B1A-D595-469F-8F00-D33DA4BF563E}.Debug|x86.ActiveCfg = Debug|Any CPU
		{D4698B1A-D595-469F-8F00-D33DA4BF563E}.Debug|x86.Build.0 = Debug|Any CPU
		{D4698B1A-D595-469F-8F00-D33DA4BF563E}.Release|Android.ActiveCfg = Release|Any CPU
		{D4698B1A-D595-469F-8F00-D33DA4BF563E}.Release|Android.Build.0 = Release|Any CPU
		{D4698B1A-D595-469F-8F00-D33DA4BF563E}.Release|Any CPU.ActiveCfg = Release|Any CPU
		{D4698B1A-D595-469F-8F00-D33DA4BF563E}.Release|Any CPU.Build.0 = Release|Any CPU
		{D4698B1A-D595-469F-8F00-D33DA4BF563E}.Release|ARM.ActiveCfg = Release|Any CPU
		{D4698B1A-D595-469F-8F00-D33DA4BF563E}.Release|ARM.Build.0 = Release|Any CPU
		{D4698B1A-D595-469F-8F00-D33DA4BF563E}.Release|iOS.ActiveCfg = Release|Any CPU
		{D4698B1A-D595-469F-8F00-D33DA4BF563E}.Release|iOS.Build.0 = Release|Any CPU
		{D4698B1A-D595-469F-8F00-D33DA4BF563E}.Release|iPhone.ActiveCfg = Release|Any CPU
		{D4698B1A-D595-469F-8F00-D33DA4BF563E}.Release|iPhone.Build.0 = Release|Any CPU
		{D4698B1A-D595-469F-8F00-D33DA4BF563E}.Release|iPhoneSimulator.ActiveCfg = Release|Any CPU
		{D4698B1A-D595-469F-8F00-D33DA4BF563E}.Release|iPhoneSimulator.Build.0 = Release|Any CPU
		{D4698B1A-D595-469F-8F00-D33DA4BF563E}.Release|Windows Phone (Universal).ActiveCfg = Release|Any CPU
		{D4698B1A-D595-469F-8F00-D33DA4BF563E}.Release|Windows Phone (Universal).Build.0 = Release|Any CPU
		{D4698B1A-D595-469F-8F00-D33DA4BF563E}.Release|Windows Phone 8.ActiveCfg = Release|Any CPU
		{D4698B1A-D595-469F-8F00-D33DA4BF563E}.Release|Windows Phone 8.Build.0 = Release|Any CPU
		{D4698B1A-D595-469F-8F00-D33DA4BF563E}.Release|Windows-AnyCPU.ActiveCfg = Release|Any CPU
		{D4698B1A-D595-469F-8F00-D33DA4BF563E}.Release|Windows-AnyCPU.Build.0 = Release|Any CPU
		{D4698B1A-D595-469F-8F00-D33DA4BF563E}.Release|Windows-ARM.ActiveCfg = Release|Any CPU
		{D4698B1A-D595-469F-8F00-D33DA4BF563E}.Release|Windows-ARM.Build.0 = Release|Any CPU
		{D4698B1A-D595-469F-8F00-D33DA4BF563E}.Release|Windows-x64.ActiveCfg = Release|Any CPU
		{D4698B1A-D595-469F-8F00-D33DA4BF563E}.Release|Windows-x64.Build.0 = Release|Any CPU
		{D4698B1A-D595-469F-8F00-D33DA4BF563E}.Release|Windows-x86.ActiveCfg = Release|Any CPU
		{D4698B1A-D595-469F-8F00-D33DA4BF563E}.Release|Windows-x86.Build.0 = Release|Any CPU
		{D4698B1A-D595-469F-8F00-D33DA4BF563E}.Release|x64.ActiveCfg = Release|Any CPU
		{D4698B1A-D595-469F-8F00-D33DA4BF563E}.Release|x64.Build.0 = Release|Any CPU
		{D4698B1A-D595-469F-8F00-D33DA4BF563E}.Release|x86.ActiveCfg = Release|Any CPU
		{D4698B1A-D595-469F-8F00-D33DA4BF563E}.Release|x86.Build.0 = Release|Any CPU
		{9E819F86-61AB-425A-BB13-4B64207B702F}.Ad-Hoc|Android.ActiveCfg = Release|Any CPU
		{9E819F86-61AB-425A-BB13-4B64207B702F}.Ad-Hoc|Android.Build.0 = Release|Any CPU
		{9E819F86-61AB-425A-BB13-4B64207B702F}.Ad-Hoc|Any CPU.ActiveCfg = Release|Any CPU
		{9E819F86-61AB-425A-BB13-4B64207B702F}.Ad-Hoc|Any CPU.Build.0 = Release|Any CPU
		{9E819F86-61AB-425A-BB13-4B64207B702F}.Ad-Hoc|ARM.ActiveCfg = Release|Any CPU
		{9E819F86-61AB-425A-BB13-4B64207B702F}.Ad-Hoc|ARM.Build.0 = Release|Any CPU
		{9E819F86-61AB-425A-BB13-4B64207B702F}.Ad-Hoc|iOS.ActiveCfg = Release|Any CPU
		{9E819F86-61AB-425A-BB13-4B64207B702F}.Ad-Hoc|iOS.Build.0 = Release|Any CPU
		{9E819F86-61AB-425A-BB13-4B64207B702F}.Ad-Hoc|iPhone.ActiveCfg = Release|Any CPU
		{9E819F86-61AB-425A-BB13-4B64207B702F}.Ad-Hoc|iPhone.Build.0 = Release|Any CPU
		{9E819F86-61AB-425A-BB13-4B64207B702F}.Ad-Hoc|iPhoneSimulator.ActiveCfg = Release|Any CPU
		{9E819F86-61AB-425A-BB13-4B64207B702F}.Ad-Hoc|iPhoneSimulator.Build.0 = Release|Any CPU
		{9E819F86-61AB-425A-BB13-4B64207B702F}.Ad-Hoc|Windows Phone (Universal).ActiveCfg = Release|Any CPU
		{9E819F86-61AB-425A-BB13-4B64207B702F}.Ad-Hoc|Windows Phone (Universal).Build.0 = Release|Any CPU
		{9E819F86-61AB-425A-BB13-4B64207B702F}.Ad-Hoc|Windows Phone 8.ActiveCfg = Release|Any CPU
		{9E819F86-61AB-425A-BB13-4B64207B702F}.Ad-Hoc|Windows Phone 8.Build.0 = Release|Any CPU
		{9E819F86-61AB-425A-BB13-4B64207B702F}.Ad-Hoc|Windows-AnyCPU.ActiveCfg = Release|Any CPU
		{9E819F86-61AB-425A-BB13-4B64207B702F}.Ad-Hoc|Windows-AnyCPU.Build.0 = Release|Any CPU
		{9E819F86-61AB-425A-BB13-4B64207B702F}.Ad-Hoc|Windows-ARM.ActiveCfg = Release|Any CPU
		{9E819F86-61AB-425A-BB13-4B64207B702F}.Ad-Hoc|Windows-ARM.Build.0 = Release|Any CPU
		{9E819F86-61AB-425A-BB13-4B64207B702F}.Ad-Hoc|Windows-x64.ActiveCfg = Release|Any CPU
		{9E819F86-61AB-425A-BB13-4B64207B702F}.Ad-Hoc|Windows-x64.Build.0 = Release|Any CPU
		{9E819F86-61AB-425A-BB13-4B64207B702F}.Ad-Hoc|Windows-x86.ActiveCfg = Release|Any CPU
		{9E819F86-61AB-425A-BB13-4B64207B702F}.Ad-Hoc|Windows-x86.Build.0 = Release|Any CPU
		{9E819F86-61AB-425A-BB13-4B64207B702F}.Ad-Hoc|x64.ActiveCfg = Release|Any CPU
		{9E819F86-61AB-425A-BB13-4B64207B702F}.Ad-Hoc|x64.Build.0 = Release|Any CPU
		{9E819F86-61AB-425A-BB13-4B64207B702F}.Ad-Hoc|x86.ActiveCfg = Release|Any CPU
		{9E819F86-61AB-425A-BB13-4B64207B702F}.Ad-Hoc|x86.Build.0 = Release|Any CPU
		{9E819F86-61AB-425A-BB13-4B64207B702F}.AppStore|Android.ActiveCfg = Release|Any CPU
		{9E819F86-61AB-425A-BB13-4B64207B702F}.AppStore|Android.Build.0 = Release|Any CPU
		{9E819F86-61AB-425A-BB13-4B64207B702F}.AppStore|Any CPU.ActiveCfg = Release|Any CPU
		{9E819F86-61AB-425A-BB13-4B64207B702F}.AppStore|Any CPU.Build.0 = Release|Any CPU
		{9E819F86-61AB-425A-BB13-4B64207B702F}.AppStore|ARM.ActiveCfg = Release|Any CPU
		{9E819F86-61AB-425A-BB13-4B64207B702F}.AppStore|ARM.Build.0 = Release|Any CPU
		{9E819F86-61AB-425A-BB13-4B64207B702F}.AppStore|iOS.ActiveCfg = Release|Any CPU
		{9E819F86-61AB-425A-BB13-4B64207B702F}.AppStore|iOS.Build.0 = Release|Any CPU
		{9E819F86-61AB-425A-BB13-4B64207B702F}.AppStore|iPhone.ActiveCfg = Release|Any CPU
		{9E819F86-61AB-425A-BB13-4B64207B702F}.AppStore|iPhone.Build.0 = Release|Any CPU
		{9E819F86-61AB-425A-BB13-4B64207B702F}.AppStore|iPhoneSimulator.ActiveCfg = Release|Any CPU
		{9E819F86-61AB-425A-BB13-4B64207B702F}.AppStore|iPhoneSimulator.Build.0 = Release|Any CPU
		{9E819F86-61AB-425A-BB13-4B64207B702F}.AppStore|Windows Phone (Universal).ActiveCfg = Release|Any CPU
		{9E819F86-61AB-425A-BB13-4B64207B702F}.AppStore|Windows Phone (Universal).Build.0 = Release|Any CPU
		{9E819F86-61AB-425A-BB13-4B64207B702F}.AppStore|Windows Phone 8.ActiveCfg = Release|Any CPU
		{9E819F86-61AB-425A-BB13-4B64207B702F}.AppStore|Windows Phone 8.Build.0 = Release|Any CPU
		{9E819F86-61AB-425A-BB13-4B64207B702F}.AppStore|Windows-AnyCPU.ActiveCfg = Release|Any CPU
		{9E819F86-61AB-425A-BB13-4B64207B702F}.AppStore|Windows-AnyCPU.Build.0 = Release|Any CPU
		{9E819F86-61AB-425A-BB13-4B64207B702F}.AppStore|Windows-ARM.ActiveCfg = Release|Any CPU
		{9E819F86-61AB-425A-BB13-4B64207B702F}.AppStore|Windows-ARM.Build.0 = Release|Any CPU
		{9E819F86-61AB-425A-BB13-4B64207B702F}.AppStore|Windows-x64.ActiveCfg = Release|Any CPU
		{9E819F86-61AB-425A-BB13-4B64207B702F}.AppStore|Windows-x64.Build.0 = Release|Any CPU
		{9E819F86-61AB-425A-BB13-4B64207B702F}.AppStore|Windows-x86.ActiveCfg = Release|Any CPU
		{9E819F86-61AB-425A-BB13-4B64207B702F}.AppStore|Windows-x86.Build.0 = Release|Any CPU
		{9E819F86-61AB-425A-BB13-4B64207B702F}.AppStore|x64.ActiveCfg = Release|Any CPU
		{9E819F86-61AB-425A-BB13-4B64207B702F}.AppStore|x64.Build.0 = Release|Any CPU
		{9E819F86-61AB-425A-BB13-4B64207B702F}.AppStore|x86.ActiveCfg = Release|Any CPU
		{9E819F86-61AB-425A-BB13-4B64207B702F}.AppStore|x86.Build.0 = Release|Any CPU
		{9E819F86-61AB-425A-BB13-4B64207B702F}.Debug|Android.ActiveCfg = Debug|Any CPU
		{9E819F86-61AB-425A-BB13-4B64207B702F}.Debug|Android.Build.0 = Debug|Any CPU
		{9E819F86-61AB-425A-BB13-4B64207B702F}.Debug|Any CPU.ActiveCfg = Debug|Any CPU
		{9E819F86-61AB-425A-BB13-4B64207B702F}.Debug|Any CPU.Build.0 = Debug|Any CPU
		{9E819F86-61AB-425A-BB13-4B64207B702F}.Debug|ARM.ActiveCfg = Debug|Any CPU
		{9E819F86-61AB-425A-BB13-4B64207B702F}.Debug|ARM.Build.0 = Debug|Any CPU
		{9E819F86-61AB-425A-BB13-4B64207B702F}.Debug|iOS.ActiveCfg = Debug|Any CPU
		{9E819F86-61AB-425A-BB13-4B64207B702F}.Debug|iOS.Build.0 = Debug|Any CPU
		{9E819F86-61AB-425A-BB13-4B64207B702F}.Debug|iPhone.ActiveCfg = Debug|Any CPU
		{9E819F86-61AB-425A-BB13-4B64207B702F}.Debug|iPhone.Build.0 = Debug|Any CPU
		{9E819F86-61AB-425A-BB13-4B64207B702F}.Debug|iPhoneSimulator.ActiveCfg = Debug|Any CPU
		{9E819F86-61AB-425A-BB13-4B64207B702F}.Debug|iPhoneSimulator.Build.0 = Debug|Any CPU
		{9E819F86-61AB-425A-BB13-4B64207B702F}.Debug|Windows Phone (Universal).ActiveCfg = Debug|Any CPU
		{9E819F86-61AB-425A-BB13-4B64207B702F}.Debug|Windows Phone (Universal).Build.0 = Debug|Any CPU
		{9E819F86-61AB-425A-BB13-4B64207B702F}.Debug|Windows Phone 8.ActiveCfg = Debug|Any CPU
		{9E819F86-61AB-425A-BB13-4B64207B702F}.Debug|Windows Phone 8.Build.0 = Debug|Any CPU
		{9E819F86-61AB-425A-BB13-4B64207B702F}.Debug|Windows-AnyCPU.ActiveCfg = Debug|Any CPU
		{9E819F86-61AB-425A-BB13-4B64207B702F}.Debug|Windows-AnyCPU.Build.0 = Debug|Any CPU
		{9E819F86-61AB-425A-BB13-4B64207B702F}.Debug|Windows-ARM.ActiveCfg = Debug|Any CPU
		{9E819F86-61AB-425A-BB13-4B64207B702F}.Debug|Windows-ARM.Build.0 = Debug|Any CPU
		{9E819F86-61AB-425A-BB13-4B64207B702F}.Debug|Windows-x64.ActiveCfg = Debug|Any CPU
		{9E819F86-61AB-425A-BB13-4B64207B702F}.Debug|Windows-x64.Build.0 = Debug|Any CPU
		{9E819F86-61AB-425A-BB13-4B64207B702F}.Debug|Windows-x86.ActiveCfg = Debug|Any CPU
		{9E819F86-61AB-425A-BB13-4B64207B702F}.Debug|Windows-x86.Build.0 = Debug|Any CPU
		{9E819F86-61AB-425A-BB13-4B64207B702F}.Debug|x64.ActiveCfg = Debug|Any CPU
		{9E819F86-61AB-425A-BB13-4B64207B702F}.Debug|x64.Build.0 = Debug|Any CPU
		{9E819F86-61AB-425A-BB13-4B64207B702F}.Debug|x86.ActiveCfg = Debug|Any CPU
		{9E819F86-61AB-425A-BB13-4B64207B702F}.Debug|x86.Build.0 = Debug|Any CPU
		{9E819F86-61AB-425A-BB13-4B64207B702F}.Release|Android.ActiveCfg = Release|Any CPU
		{9E819F86-61AB-425A-BB13-4B64207B702F}.Release|Android.Build.0 = Release|Any CPU
		{9E819F86-61AB-425A-BB13-4B64207B702F}.Release|Any CPU.ActiveCfg = Release|Any CPU
		{9E819F86-61AB-425A-BB13-4B64207B702F}.Release|Any CPU.Build.0 = Release|Any CPU
		{9E819F86-61AB-425A-BB13-4B64207B702F}.Release|ARM.ActiveCfg = Release|Any CPU
		{9E819F86-61AB-425A-BB13-4B64207B702F}.Release|ARM.Build.0 = Release|Any CPU
		{9E819F86-61AB-425A-BB13-4B64207B702F}.Release|iOS.ActiveCfg = Release|Any CPU
		{9E819F86-61AB-425A-BB13-4B64207B702F}.Release|iOS.Build.0 = Release|Any CPU
		{9E819F86-61AB-425A-BB13-4B64207B702F}.Release|iPhone.ActiveCfg = Release|Any CPU
		{9E819F86-61AB-425A-BB13-4B64207B702F}.Release|iPhone.Build.0 = Release|Any CPU
		{9E819F86-61AB-425A-BB13-4B64207B702F}.Release|iPhoneSimulator.ActiveCfg = Release|Any CPU
		{9E819F86-61AB-425A-BB13-4B64207B702F}.Release|iPhoneSimulator.Build.0 = Release|Any CPU
		{9E819F86-61AB-425A-BB13-4B64207B702F}.Release|Windows Phone (Universal).ActiveCfg = Release|Any CPU
		{9E819F86-61AB-425A-BB13-4B64207B702F}.Release|Windows Phone (Universal).Build.0 = Release|Any CPU
		{9E819F86-61AB-425A-BB13-4B64207B702F}.Release|Windows Phone 8.ActiveCfg = Release|Any CPU
		{9E819F86-61AB-425A-BB13-4B64207B702F}.Release|Windows Phone 8.Build.0 = Release|Any CPU
		{9E819F86-61AB-425A-BB13-4B64207B702F}.Release|Windows-AnyCPU.ActiveCfg = Release|Any CPU
		{9E819F86-61AB-425A-BB13-4B64207B702F}.Release|Windows-AnyCPU.Build.0 = Release|Any CPU
		{9E819F86-61AB-425A-BB13-4B64207B702F}.Release|Windows-ARM.ActiveCfg = Release|Any CPU
		{9E819F86-61AB-425A-BB13-4B64207B702F}.Release|Windows-ARM.Build.0 = Release|Any CPU
		{9E819F86-61AB-425A-BB13-4B64207B702F}.Release|Windows-x64.ActiveCfg = Release|Any CPU
		{9E819F86-61AB-425A-BB13-4B64207B702F}.Release|Windows-x64.Build.0 = Release|Any CPU
		{9E819F86-61AB-425A-BB13-4B64207B702F}.Release|Windows-x86.ActiveCfg = Release|Any CPU
		{9E819F86-61AB-425A-BB13-4B64207B702F}.Release|Windows-x86.Build.0 = Release|Any CPU
		{9E819F86-61AB-425A-BB13-4B64207B702F}.Release|x64.ActiveCfg = Release|Any CPU
		{9E819F86-61AB-425A-BB13-4B64207B702F}.Release|x64.Build.0 = Release|Any CPU
		{9E819F86-61AB-425A-BB13-4B64207B702F}.Release|x86.ActiveCfg = Release|Any CPU
		{9E819F86-61AB-425A-BB13-4B64207B702F}.Release|x86.Build.0 = Release|Any CPU
	EndGlobalSection
	GlobalSection(SolutionProperties) = preSolution
		HideSolutionNode = FALSE
	EndGlobalSection
EndGlobal
